
Microsoft Visual Studio Solution File, Format Version 12.00
# Visual Studio Version 16
VisualStudioVersion = 16.0.30523.141
MinimumVisualStudioVersion = 10.0.40219.1
Project("{8BC9CEB8-8B4A-11D0-8D11-00A0C91BC942}") = "SysMon", "SysMon\SysMon.vcxproj", "{4EAA5E41-A2CA-4241-807D-511391914375}"
EndProject
Project("{8BC9CEB8-8B4A-11D0-8D11-00A0C91BC942}") = "SysMonClient", "SysMonClient\SysMonClient.vcxproj", "{5FA30D7B-D82A-4452-A58F-A8F03C805080}"
EndProject
Global
	GlobalSection(SolutionConfigurationPlatforms) = preSolution
		Debug|ARM = Debug|ARM
		Debug|ARM64 = Debug|ARM64
		Debug|x64 = Debug|x64
		Debug|x86 = Debug|x86
		Release|ARM = Release|ARM
		Release|ARM64 = Release|ARM64
		Release|x64 = Release|x64
		Release|x86 = Release|x86
	EndGlobalSection
	GlobalSection(ProjectConfigurationPlatforms) = postSolution
		{4EAA5E41-A2CA-4241-807D-511391914375}.Debug|ARM.ActiveCfg = Debug|ARM
		{4EAA5E41-A2CA-4241-807D-511391914375}.Debug|ARM.Build.0 = Debug|ARM
		{4EAA5E41-A2CA-4241-807D-511391914375}.Debug|ARM.Deploy.0 = Debug|ARM
		{4EAA5E41-A2CA-4241-807D-511391914375}.Debug|ARM64.ActiveCfg = Debug|ARM64
		{4EAA5E41-A2CA-4241-807D-511391914375}.Debug|ARM64.Build.0 = Debug|ARM64
		{4EAA5E41-A2CA-4241-807D-511391914375}.Debug|ARM64.Deploy.0 = Debug|ARM64
		{4EAA5E41-A2CA-4241-807D-511391914375}.Debug|x64.ActiveCfg = Debug|x64
		{4EAA5E41-A2CA-4241-807D-511391914375}.Debug|x64.Build.0 = Debug|x64
		{4EAA5E41-A2CA-4241-807D-511391914375}.Debug|x64.Deploy.0 = Debug|x64
		{4EAA5E41-A2CA-4241-807D-511391914375}.Debug|x86.ActiveCfg = Debug|Win32
		{4EAA5E41-A2CA-4241-807D-511391914375}.Debug|x86.Build.0 = Debug|Win32
		{4EAA5E41-A2CA-4241-807D-511391914375}.Debug|x86.Deploy.0 = Debug|Win32
		{4EAA5E41-A2CA-4241-807D-511391914375}.Release|ARM.ActiveCfg = Release|ARM
		{4EAA5E41-A2CA-4241-807D-511391914375}.Release|ARM.Build.0 = Release|ARM
		{4EAA5E41-A2CA-4241-807D-511391914375}.Release|ARM.Deploy.0 = Release|ARM
		{4EAA5E41-A2CA-4241-807D-511391914375}.Release|ARM64.ActiveCfg = Release|ARM64
		{4EAA5E41-A2CA-4241-807D-511391914375}.Release|ARM64.Build.0 = Release|ARM64
		{4EAA5E41-A2CA-4241-807D-511391914375}.Release|ARM64.Deploy.0 = Release|ARM64
		{4EAA5E41-A2CA-4241-807D-511391914375}.Release|x64.ActiveCfg = Release|x64
		{4EAA5E41-A2CA-4241-807D-511391914375}.Release|x64.Build.0 = Release|x64
		{4EAA5E41-A2CA-4241-807D-511391914375}.Release|x64.Deploy.0 = Release|x64
		{4EAA5E41-A2CA-4241-807D-511391914375}.Release|x86.ActiveCfg = Release|Win32
		{4EAA5E41-A2CA-4241-807D-511391914375}.Release|x86.Build.0 = Release|Win32
		{4EAA5E41-A2CA-4241-807D-511391914375}.Release|x86.Deploy.0 = Release|Win32
		{5FA30D7B-D82A-4452-A58F-A8F03C805080}.Debug|ARM.ActiveCfg = Debug|Win32
		{5FA30D7B-D82A-4452-A58F-A8F03C805080}.Debug|ARM64.ActiveCfg = Debug|Win32
		{5FA30D7B-D82A-4452-A58F-A8F03C805080}.Debug|x64.ActiveCfg = Debug|x64
		{5FA30D7B-D82A-4452-A58F-A8F03C805080}.Debug|x64.Build.0 = Debug|x64
		{5FA30D7B-D82A-4452-A58F-A8F03C805080}.Debug|x86.ActiveCfg = Debug|Win32
		{5FA30D7B-D82A-4452-A58F-A8F03C805080}.Debug|x86.Build.0 = Debug|Win32
		{5FA30D7B-D82A-4452-A58F-A8F03C805080}.Release|ARM.ActiveCfg = Release|Win32
		{5FA30D7B-D82A-4452-A58F-A8F03C805080}.Release|ARM64.ActiveCfg = Release|Win32
		{5FA30D7B-D82A-4452-A58F-A8F03C805080}.Release|x64.ActiveCfg = Release|x64
		{5FA30D7B-D82A-4452-A58F-A8F03C805080}.Release|x64.Build.0 = Release|x64
		{5FA30D7B-D82A-4452-A58F-A8F03C805080}.Release|x86.ActiveCfg = Release|Win32
		{5FA30D7B-D82A-4452-A58F-A8F03C805080}.Release|x86.Build.0 = Release|Win32
	EndGlobalSection
	GlobalSection(SolutionProperties) = preSolution
		HideSolutionNode = FALSE
	EndGlobalSection
	GlobalSection(ExtensibilityGlobals) = postSolution
		SolutionGuid = {1C63C06F-12F2-43A5-8728-852E04778C8E}
	EndGlobalSection
EndGlobal
